
Microsoft Visual Studio Solution File, Format Version 12.00
# Visual Studio Version 16
VisualStudioVersion = 16.0.30907.101
MinimumVisualStudioVersion = 10.0.40219.1
Project("{9A19103F-16F7-4668-BE54-9A1E7A4F7556}") = "AzmoonTracker", "AzmoonTracker.csproj", "{79FCACA4-CFA3-4E7E-AA20-8588F2F223D7}"
EndProject
Project("{9A19103F-16F7-4668-BE54-9A1E7A4F7556}") = "AzmoonTracker.Models", "..\AzmoonTracker.Models\AzmoonTracker.Models.csproj", "{5E4E69F1-A400-44DE-954F-4EBB96E22310}"
EndProject
Project("{9A19103F-16F7-4668-BE54-9A1E7A4F7556}") = "AzmoonTracker.ViewModels", "..\AzmoonTracker.ViewModel\AzmoonTracker.ViewModels.csproj", "{0B940176-DC4F-47C1-948C-BC314E488A7B}"
EndProject
Project("{9A19103F-16F7-4668-BE54-9A1E7A4F7556}") = "AzmoonTracker.Services", "..\AzmoonTracker.Services\AzmoonTracker.Services.csproj", "{B7B4E0C0-567F-40DC-B1E2-95F58665C9BC}"
EndProject
Project("{9A19103F-16F7-4668-BE54-9A1E7A4F7556}") = "AzmoonTracker.Infrastructure", "..\AzmoonTracker.Infrastructure\AzmoonTracker.Infrastructure.csproj", "{917ABBD8-2F7D-4EF6-99F1-C383DBC2F51D}"
EndProject
Global
	GlobalSection(SolutionConfigurationPlatforms) = preSolution
		Debug|Any CPU = Debug|Any CPU
		Release|Any CPU = Release|Any CPU
	EndGlobalSection
	GlobalSection(ProjectConfigurationPlatforms) = postSolution
		{79FCACA4-CFA3-4E7E-AA20-8588F2F223D7}.Debug|Any CPU.ActiveCfg = Debug|Any CPU
		{79FCACA4-CFA3-4E7E-AA20-8588F2F223D7}.Debug|Any CPU.Build.0 = Debug|Any CPU
		{79FCACA4-CFA3-4E7E-AA20-8588F2F223D7}.Release|Any CPU.ActiveCfg = Release|Any CPU
		{79FCACA4-CFA3-4E7E-AA20-8588F2F223D7}.Release|Any CPU.Build.0 = Release|Any CPU
		{5E4E69F1-A400-44DE-954F-4EBB96E22310}.Debug|Any CPU.ActiveCfg = Debug|Any CPU
		{5E4E69F1-A400-44DE-954F-4EBB96E22310}.Debug|Any CPU.Build.0 = Debug|Any CPU
		{5E4E69F1-A400-44DE-954F-4EBB96E22310}.Release|Any CPU.ActiveCfg = Release|Any CPU
		{5E4E69F1-A400-44DE-954F-4EBB96E22310}.Release|Any CPU.Build.0 = Release|Any CPU
		{0B940176-DC4F-47C1-948C-BC314E488A7B}.Debug|Any CPU.ActiveCfg = Debug|Any CPU
		{0B940176-DC4F-47C1-948C-BC314E488A7B}.Debug|Any CPU.Build.0 = Debug|Any CPU
		{0B940176-DC4F-47C1-948C-BC314E488A7B}.Release|Any CPU.ActiveCfg = Release|Any CPU
		{0B940176-DC4F-47C1-948C-BC314E488A7B}.Release|Any CPU.Build.0 = Release|Any CPU
		{B7B4E0C0-567F-40DC-B1E2-95F58665C9BC}.Debug|Any CPU.ActiveCfg = Debug|Any CPU
		{B7B4E0C0-567F-40DC-B1E2-95F58665C9BC}.Debug|Any CPU.Build.0 = Debug|Any CPU
		{B7B4E0C0-567F-40DC-B1E2-95F58665C9BC}.Release|Any CPU.ActiveCfg = Release|Any CPU
		{B7B4E0C0-567F-40DC-B1E2-95F58665C9BC}.Release|Any CPU.Build.0 = Release|Any CPU
		{917ABBD8-2F7D-4EF6-99F1-C383DBC2F51D}.Debug|Any CPU.ActiveCfg = Debug|Any CPU
		{917ABBD8-2F7D-4EF6-99F1-C383DBC2F51D}.Debug|Any CPU.Build.0 = Debug|Any CPU
		{917ABBD8-2F7D-4EF6-99F1-C383DBC2F51D}.Release|Any CPU.ActiveCfg = Release|Any CPU
		{917ABBD8-2F7D-4EF6-99F1-C383DBC2F51D}.Release|Any CPU.Build.0 = Release|Any CPU
	EndGlobalSection
	GlobalSection(SolutionProperties) = preSolution
		HideSolutionNode = FALSE
	EndGlobalSection
	GlobalSection(ExtensibilityGlobals) = postSolution
		SolutionGuid = {875ECB8E-B4C3-4FAB-9089-DDA578EEC1B5}
	EndGlobalSection
EndGlobal
